{
  "name": "EcoBin",
  "lockfileVersion": 3,
  "requires": true,
  "packages": {
    "": {
      "dependencies": {
        "jspdf-autotable": "^3.8.4"
      }
    },
    "node_modules/jspdf-autotable": {
      "version": "3.8.4",
      "resolved": "https://registry.npmjs.org/jspdf-autotable/-/jspdf-autotable-3.8.4.tgz",
      "integrity": "sha512-rSffGoBsJYX83iTRv8Ft7FhqfgEL2nLpGAIiqruEQQ3e4r0qdLFbPUB7N9HAle0I3XgpisvyW751VHCqKUVOgQ==",
      "peerDependencies": {
        "jspdf": "^2.5.1"
      }
    }
  }
}
